// !$*UTF8*$!
{
	archiveVersion = 1;
	classes = {
	};
	objectVersion = 50;
	objects = {

/* Begin PBXBuildFile section */
		3CEC1DC8265564BE00B1D7A0 /* AppDelegate.swift in Sources */ = {isa = PBXBuildFile; fileRef = 3CEC1DC7265564BE00B1D7A0 /* AppDelegate.swift */; };
		3CEC1DCA265564BE00B1D7A0 /* SceneDelegate.swift in Sources */ = {isa = PBXBuildFile; fileRef = 3CEC1DC9265564BE00B1D7A0 /* SceneDelegate.swift */; };
		3CEC1DCC265564BE00B1D7A0 /* ViewController.swift in Sources */ = {isa = PBXBuildFile; fileRef = 3CEC1DCB265564BE00B1D7A0 /* ViewController.swift */; };
		3CEC1DCF265564BE00B1D7A0 /* Main.storyboard in Resources */ = {isa = PBXBuildFile; fileRef = 3CEC1DCD265564BE00B1D7A0 /* Main.storyboard */; };
		3CEC1DD1265564C300B1D7A0 /* Assets.xcassets in Resources */ = {isa = PBXBuildFile; fileRef = 3CEC1DD0265564C300B1D7A0 /* Assets.xcassets */; };
		3CEC1DD4265564C300B1D7A0 /* LaunchScreen.storyboard in Resources */ = {isa = PBXBuildFile; fileRef = 3CEC1DD2265564C300B1D7A0 /* LaunchScreen.storyboard */; };
/* End PBXBuildFile section */

/* Begin PBXFileReference section */
		3CEC1DC4265564BE00B1D7A0 /* You Are Awesome!.app */ = {isa = PBXFileReference; explicitFileType = wrapper.application; includeInIndex = 0; path = "You Are Awesome!.app"; sourceTree = BUILT_PRODUCTS_DIR; };
		3CEC1DC7265564BE00B1D7A0 /* AppDelegate.swift */ = {isa = PBXFileReference; lastKnownFileType = sourcecode.swift; path = AppDelegate.swift; sourceTree = "<group>"; };
		3CEC1DC9265564BE00B1D7A0 /* SceneDelegate.swift */ = {isa = PBXFileReference; lastKnownFileType = sourcecode.swift; path = SceneDelegate.swift; sourceTree = "<group>"; };
		3CEC1DCB265564BE00B1D7A0 /* ViewController.swift */ = {isa = PBXFileReference; lastKnownFileType = sourcecode.swift; path = ViewController.swift; sourceTree = "<group>"; };
		3CEC1DCE265564BE00B1D7A0 /* Base */ = {isa = PBXFileReference; lastKnownFileType = file.storyboard; name = Base; path = Base.lproj/Main.storyboard; sourceTree = "<group>"; };
		3CEC1DD0265564C300B1D7A0 /* Assets.xcassets */ = {isa = PBXFileReference; lastKnownFileType = folder.assetcatalog; path = Assets.xcassets; sourceTree = "<group>"; };
		3CEC1DD3265564C300B1D7A0 /* Base */ = {isa = PBXFileReference; lastKnownFileType = file.storyboard; name = Base; path = Base.lproj/LaunchScreen.storyboard; sourceTree = "<group>"; };
		3CEC1DD5265564C300B1D7A0 /* Info.plist */ = {isa = PBXFileReference; lastKnownFileType = text.plist.xml; path = Info.plist; sourceTree = "<group>"; };
/* End PBXFileReference section */

/* Begin PBXFrameworksBuildPhase section */
		3CEC1DC1265564BE00B1D7A0 /* Frameworks */ = {
			isa = PBXFrameworksBuildPhase;
			buildActionMask = 2147483647;
			files = (
			);
			runOnlyForDeploymentPostprocessing = 0;
		};
/* End PBXFrameworksBuildPhase section */

/* Begin PBXGroup section */
		3CEC1DBB265564BE00B1D7A0 = {
			isa = PBXGroup;
			children = (
				3CEC1DC6265564BE00B1D7A0 /* You Are Awesome! */,
				3CEC1DC5265564BE00B1D7A0 /* Products */,
			);
			sourceTree = "<group>";
		};
		3CEC1DC5265564BE00B1D7A0 /* Products */ = {
			isa = PBXGroup;
			children = (
				3CEC1DC4265564BE00B1D7A0 /* You Are Awesome!.app */,
			);
			name = Products;
			sourceTree = "<group>";
		};
		3CEC1DC6265564BE00B1D7A0 /* You Are Awesome! */ = {
			isa = PBXGroup;
			children = (
				3CEC1DC7265564BE00B1D7A0 /* AppDelegate.swift */,
				3CEC1DC9265564BE00B1D7A0 /* SceneDelegate.swift */,
				3CEC1DCB265564BE00B1D7A0 /* ViewController.swift */,
				3CEC1DCD265564BE00B1D7A0 /* Main.storyboard */,
				3CEC1DD0265564C300B1D7A0 /* Assets.xcassets */,
				3CEC1DD2265564C300B1D7A0 /* LaunchScreen.storyboard */,
				3CEC1DD5265564C300B1D7A0 /* Info.plist */,
			);
			path = "You Are Awesome!";
			sourceTree = "<group>";
		};
/* End PBXGroup section */

/* Begin PBXNativeTarget section */
		3CEC1DC3265564BE00B1D7A0 /* You Are Awesome! */ = {
			isa = PBXNativeTarget;
			buildConfigurationList = 3CEC1DD8265564C300B1D7A0 /* Build configuration list for PBXNativeTarget "You Are Awesome!" */;
			buildPhases = (
				3CEC1DC0265564BE00B1D7A0 /* Sources */,
				3CEC1DC1265564BE00B1D7A0 /* Frameworks */,
				3CEC1DC2265564BE00B1D7A0 /* Resources */,
			);
			buildRules = (
			);
			dependencies = (
			);
			name = "You Are Awesome!";
			productName = "You Are Awesome!";
			productReference = 3CEC1DC4265564BE00B1D7A0 /* You Are Awesome!.app */;
			productType = "com.apple.product-type.application";
		};
/* End PBXNativeTarget section */

/* Begin PBXProject section */
		3CEC1DBC265564BE00B1D7A0 /* Project object */ = {
			isa = PBXProject;
			attributes = {
				LastSwiftUpdateCheck = 1250;
				LastUpgradeCheck = 1250;
				TargetAttributes = {
					3CEC1DC3265564BE00B1D7A0 = {
						CreatedOnToolsVersion = 12.5;
					};
				};
			};
			buildConfigurationList = 3CEC1DBF265564BE00B1D7A0 /* Build configuration list for PBXProject "You Are Awesome!" */;
			compatibilityVersion = "Xcode 9.3";
			developmentRegion = en;
			hasScannedForEncodings = 0;
			knownRegions = (
				en,
				Base,
			);
			mainGroup = 3CEC1DBB265564BE00B1D7A0;
			productRefGroup = 3CEC1DC5265564BE00B1D7A0 /* Products */;
			projectDirPath = "";
			projectRoot = "";
			targets = (
				3CEC1DC3265564BE00B1D7A0 /* You Are Awesome! */,
			);
		};
/* End PBXProject section */

/* Begin PBXResourcesBuildPhase section */
		3CEC1DC2265564BE00B1D7A0 /* Resources */ = {
			isa = PBXResourcesBuildPhase;
			buildActionMask = 2147483647;
			files = (
				3CEC1DD4265564C300B1D7A0 /* LaunchScreen.storyboard in Resources */,
				3CEC1DD1265564C300B1D7A0 /* Assets.xcassets in Resources */,
				3CEC1DCF265564BE00B1D7A0 /* Main.storyboard in Resources */,
			);
			runOnlyForDeploymentPostprocessing = 0;
		};
/* End PBXResourcesBuildPhase section */

/* Begin PBXSourcesBuildPhase section */
		3CEC1DC0265564BE00B1D7A0 /* Sources */ = {
			isa = PBXSourcesBuildPhase;
			buildActionMask = 2147483647;
			files = (
				3CEC1DCC265564BE00B1D7A0 /* ViewController.swift in Sources */,
				3CEC1DC8265564BE00B1D7A0 /* AppDelegate.swift in Sources */,
				3CEC1DCA265564BE00B1D7A0 /* SceneDelegate.swift in Sources */,
			);
			runOnlyForDeploymentPostprocessing = 0;
		};
/* End PBXSourcesBuildPhase section */

/* Begin PBXVariantGroup section */
		3CEC1DCD265564BE00B1D7A0 /* Main.storyboard */ = {
			isa = PBXVariantGroup;
			children = (
				3CEC1DCE265564BE00B1D7A0 /* Base */,
			);
			name = Main.storyboard;
			sourceTree = "<group>";
		};
		3CEC1DD2265564C300B1D7A0 /* LaunchScreen.storyboard */ = {
			isa = PBXVariantGroup;
			children = (
				3CEC1DD3265564C300B1D7A0 /* Base */,
			);
			name = LaunchScreen.storyboard;
			sourceTree = "<group>";
		};
/* End PBXVariantGroup section */

/* Begin XCBuildConfiguration section */
		3CEC1DD6265564C300B1D7A0 /* Debug */ = {
			isa = XCBuildConfiguration;
			buildSettings = {
				ALWAYS_SEARCH_USER_PATHS = NO;
				CLANG_ANALYZER_NONNULL = YES;
				CLANG_ANALYZER_NUMBER_OBJECT_CONVERSION = YES_AGGRESSIVE;
				CLANG_CXX_LANGUAGE_STANDARD = "gnu++14";
				CLANG_CXX_LIBRARY = "libc++";
				CLANG_ENABLE_MODULES = YES;
				CLANG_ENABLE_OBJC_ARC = YES;
				CLANG_ENABLE_OBJC_WEAK = YES;
				CLANG_WARN_BLOCK_CAPTURE_AUTORELEASING = YES;
				CLANG_WARN_BOOL_CONVERSION = YES;
				CLANG_WARN_COMMA = YES;
				CLANG_WARN_CONSTANT_CONVERSION = YES;
				CLANG_WARN_DEPRECATED_OBJC_IMPLEMENTATIONS = YES;
				CLANG_WARN_DIRECT_OBJC_ISA_USAGE = YES_ERROR;
				CLANG_WARN_DOCUMENTATION_COMMENTS = YES;
				CLANG_WARN_EMPTY_BODY = YES;
				CLANG_WARN_ENUM_CONVERSION = YES;
				CLANG_WARN_INFINITE_RECURSION = YES;
				CLANG_WARN_INT_CONVERSION = YES;
				CLANG_WARN_NON_LITERAL_NULL_CONVERSION = YES;
				CLANG_WARN_OBJC_IMPLICIT_RETAIN_SELF = YES;
				CLANG_WARN_OBJC_LITERAL_CONVERSION = YES;
				CLANG_WARN_OBJC_ROOT_CLASS = YES_ERROR;
				CLANG_WARN_QUOTED_INCLUDE_IN_FRAMEWORK_HEADER = YES;
				CLANG_WARN_RANGE_LOOP_ANALYSIS = YES;
				CLANG_WARN_STRICT_PROTOTYPES = YES;
				CLANG_WARN_SUSPICIOUS_MOVE = YES;
				CLANG_WARN_UNGUARDED_AVAILABILITY = YES_AGGRESSIVE;
				CLANG_WARN_UNREACHABLE_CODE = YES;
				CLANG_WARN__DUPLICATE_METHOD_MATCH = YES;
				COPY_PHASE_STRIP = NO;
				DEBUG_INFORMATION_FORMAT = dwarf;
				ENABLE_STRICT_OBJC_MSGSEND = YES;
				ENABLE_TESTABILITY = YES;
				GCC_C_LANGUAGE_STANDARD = gnu11;
				GCC_DYNAMIC_NO_PIC = NO;
				GCC_NO_COMMON_BLOCKS = YES;
				GCC_OPTIMIZATION_LEVEL = 0;
				GCC_PREPROCESSOR_DEFINITIONS = (
					"DEBUG=1",
					"$(inherited)",
				);
				GCC_WARN_64_TO_32_BIT_CONVERSION = YES;
				GCC_WARN_ABOUT_RETURN_TYPE = YES_ERROR;
				GCC_WARN_UNDECLARED_SELECTOR = YES;
				GCC_WARN_UNINITIALIZED_AUTOS = YES_AGGRESSIVE;
				GCC_WARN_UNUSED_FUNCTION = YES;
				GCC_WARN_UNUSED_VARIABLE = YES;
				IPHONEOS_DEPLOYMENT_TARGET = 14.5;
				MTL_ENABLE_DEBUG_INFO = INCLUDE_SOURCE;
				MTL_FAST_MATH = YES;
				ONLY_ACTIVE_ARCH = YES;
				SDKROOT = iphoneos;
				SWIFT_ACTIVE_COMPILATION_CONDITIONS = DEBUG;
				SWIFT_OPTIMIZATION_LEVEL = "-Onone";
			};
			name = Debug;
		};
		3CEC1DD7265564C300B1D7A0 /* Release */ = {
			isa = XCBuildConfiguration;
			buildSettings = {
				ALWAYS_SEARCH_USER_PATHS = NO;
				CLANG_ANALYZER_NONNULL = YES;
				CLANG_ANALYZER_NUMBER_OBJECT_CONVERSION = YES_AGGRESSIVE;
				CLANG_CXX_LANGUAGE_STANDARD = "gnu++14";
				CLANG_CXX_LIBRARY = "libc++";
				CLANG_ENABLE_MODULES = YES;
				CLANG_ENABLE_OBJC_ARC = YES;
				CLANG_ENABLE_OBJC_WEAK = YES;
				CLANG_WARN_BLOCK_CAPTURE_AUTORELEASING = YES;
				CLANG_WARN_BOOL_CONVERSION = YES;
				CLANG_WARN_COMMA = YES;
				CLANG_WARN_CONSTANT_CONVERSION = YES;
				CLANG_WARN_DEPRECATED_OBJC_IMPLEMENTATIONS = YES;
				CLANG_WARN_DIRECT_OBJC_ISA_USAGE = YES_ERROR;
				CLANG_WARN_DOCUMENTATION_COMMENTS = YES;
				CLANG_WARN_EMPTY_BODY = YES;
				CLANG_WARN_ENUM_CONVERSION = YES;
				CLANG_WARN_INFINITE_RECURSION = YES;
				CLANG_WARN_INT_CONVERSION = YES;
				CLANG_WARN_NON_LITERAL_NULL_CONVERSION = YES;
				CLANG_WARN_OBJC_IMPLICIT_RETAIN_SELF = YES;
				CLANG_WARN_OBJC_LITERAL_CONVERSION = YES;
				CLANG_WARN_OBJC_ROOT_CLASS = YES_ERROR;
				CLANG_WARN_QUOTED_INCLUDE_IN_FRAMEWORK_HEADER = YES;
				CLANG_WARN_RANGE_LOOP_ANALYSIS = YES;
				CLANG_WARN_STRICT_PROTOTYPES = YES;
				CLANG_WARN_SUSPICIOUS_MOVE = YES;
				CLANG_WARN_UNGUARDED_AVAILABILITY = YES_AGGRESSIVE;
				CLANG_WARN_UNREACHABLE_CODE = YES;
				CLANG_WARN__DUPLICATE_METHOD_MATCH = YES;
				COPY_PHASE_STRIP = NO;
				DEBUG_INFORMATION_FORMAT = "dwarf-with-dsym";
				ENABLE_NS_ASSERTIONS = NO;
				ENABLE_STRICT_OBJC_MSGSEND = YES;
				GCC_C_LANGUAGE_STANDARD = gnu11;
				GCC_NO_COMMON_BLOCKS = YES;
				GCC_WARN_64_TO_32_BIT_CONVERSION = YES;
				GCC_WARN_ABOUT_RETURN_TYPE = YES_ERROR;
				GCC_WARN_UNDECLARED_SELECTOR = YES;
				GCC_WARN_UNINITIALIZED_AUTOS = YES_AGGRESSIVE;
				GCC_WARN_UNUSED_FUNCTION = YES;
				GCC_WARN_UNUSED_VARIABLE = YES;
				IPHONEOS_DEPLOYMENT_TARGET = 14.5;
				MTL_ENABLE_DEBUG_INFO = NO;
				MTL_FAST_MATH = YES;
				SDKROOT = iphoneos;
				SWIFT_COMPILATION_MODE = wholemodule;
				SWIFT_OPTIMIZATION_LEVEL = "-O";
				VALIDATE_PRODUCT = YES;
			};
			name = Release;
		};
		3CEC1DD9265564C300B1D7A0 /* Debug */ = {
			isa = XCBuildConfiguration;
			buildSettings = {
				ASSETCATALOG_COMPILER_APPICON_NAME = AppIcon;
				ASSETCATALOG_COMPILER_GLOBAL_ACCENT_COLOR_NAME = AccentColor;
				CODE_SIGN_STYLE = Automatic;
				DEVELOPMENT_TEAM = VN8Y5G52N6;
				INFOPLIST_FILE = "You Are Awesome!/Info.plist";
				LD_RUNPATH_SEARCH_PATHS = (
					"$(inherited)",
					"@executable_path/Frameworks",
				);
				PRODUCT_BUNDLE_IDENTIFIER = "Lisa-Gonzales.You-Are-Awesome-";
				PRODUCT_NAME = "$(TARGET_NAME)";
				SWIFT_VERSION = 5.0;
				TARGETED_DEVICE_FAMILY = "1,2";
			};
			name = Debug;
		};
		3CEC1DDA265564C300B1D7A0 /* Release */ = {
			isa = XCBuildConfiguration;
			buildSettings = {
				ASSETCATALOG_COMPILER_APPICON_NAME = AppIcon;
				ASSETCATALOG_COMPILER_GLOBAL_ACCENT_COLOR_NAME = AccentColor;
				CODE_SIGN_STYLE = Automatic;
				DEVELOPMENT_TEAM = VN8Y5G52N6;
				INFOPLIST_FILE = "You Are Awesome!/Info.plist";
				LD_RUNPATH_SEARCH_PATHS = (
					"$(inherited)",
					"@executable_path/Frameworks",
				);
				PRODUCT_BUNDLE_IDENTIFIER = "Lisa-Gonzales.You-Are-Awesome-";
				PRODUCT_NAME = "$(TARGET_NAME)";
				SWIFT_VERSION = 5.0;
				TARGETED_DEVICE_FAMILY = "1,2";
			};
			name = Release;
		};
/* End XCBuildConfiguration section */

/* Begin XCConfigurationList section */
		3CEC1DBF265564BE00B1D7A0 /* Build configuration list for PBXProject "You Are Awesome!" */ = {
			isa = XCConfigurationList;
			buildConfigurations = (
				3CEC1DD6265564C300B1D7A0 /* Debug */,
				3CEC1DD7265564C300B1D7A0 /* Release */,
			);
			defaultConfigurationIsVisible = 0;
			defaultConfigurationName = Release;
		};
		3CEC1DD8265564C300B1D7A0 /* Build configuration list for PBXNativeTarget "You Are Awesome!" */ = {
			isa = XCConfigurationList;
			buildConfigurations = (
				3CEC1DD9265564C300B1D7A0 /* Debug */,
				3CEC1DDA265564C300B1D7A0 /* Release */,
			);
			defaultConfigurationIsVisible = 0;
			defaultConfigurationName = Release;
		};
/* End XCConfigurationList section */
	};
	rootObject = 3CEC1DBC265564BE00B1D7A0 /* Project object */;
}
